
Microsoft Visual Studio Solution File, Format Version 12.00
# Visual Studio Version 17
VisualStudioVersion = 17.3.32811.315
MinimumVisualStudioVersion = 10.0.40219.1
Project("{FAE04EC0-301F-11D3-BF4B-00C04F79EFBC}") = "BookStoreApp.API", "BookStoreApp.API\BookStoreApp.API.csproj", "{2F8F2F2A-AFE3-4404-B4FF-A811CF186F13}"
EndProject
Global
	GlobalSection(SolutionConfigurationPlatforms) = preSolution
		Debug|Any CPU = Debug|Any CPU
		Release|Any CPU = Release|Any CPU
	EndGlobalSection
	GlobalSection(ProjectConfigurationPlatforms) = postSolution
		{2F8F2F2A-AFE3-4404-B4FF-A811CF186F13}.Debug|Any CPU.ActiveCfg = Debug|Any CPU
		{2F8F2F2A-AFE3-4404-B4FF-A811CF186F13}.Debug|Any CPU.Build.0 = Debug|Any CPU
		{2F8F2F2A-AFE3-4404-B4FF-A811CF186F13}.Release|Any CPU.ActiveCfg = Release|Any CPU
		{2F8F2F2A-AFE3-4404-B4FF-A811CF186F13}.Release|Any CPU.Build.0 = Release|Any CPU
	EndGlobalSection
	GlobalSection(SolutionProperties) = preSolution
		HideSolutionNode = FALSE
	EndGlobalSection
	GlobalSection(ExtensibilityGlobals) = postSolution
		SolutionGuid = {960DADF5-42C7-48FC-ABE9-E782E28B576E}
	EndGlobalSection
EndGlobal
